Microsoft Visual Studio Solution File, Format Version 9.00
# Visual C# Express 2005
Project("{FAE04EC0-301F-11D3-BF4B-00C04F79EFBC}") = "Owasp Report Generator", "Owasp Report Generator.csproj", "{32C63E52-2207-4CE7-9A8B-D372C7736D61}"
EndProject
Global
	GlobalSection(SolutionConfigurationPlatforms) = preSolution
		Debug|Any CPU = Debug|Any CPU
		Release|Any CPU = Release|Any CPU
	EndGlobalSection
	GlobalSection(ProjectConfigurationPlatforms) = postSolution
		{32C63E52-2207-4CE7-9A8B-D372C7736D61}.Debug|Any CPU.ActiveCfg = Debug|Any CPU
		{32C63E52-2207-4CE7-9A8B-D372C7736D61}.Debug|Any CPU.Build.0 = Debug|Any CPU
		{32C63E52-2207-4CE7-9A8B-D372C7736D61}.Release|Any CPU.ActiveCfg = Release|Any CPU
		{32C63E52-2207-4CE7-9A8B-D372C7736D61}.Release|Any CPU.Build.0 = Release|Any CPU
	EndGlobalSection
	GlobalSection(SolutionProperties) = preSolution
		HideSolutionNode = FALSE
	EndGlobalSection
EndGlobal
